
Microsoft Visual Studio Solution File, Format Version 12.00
# Visual Studio Version 16
VisualStudioVersion = 16.0.31005.135
MinimumVisualStudioVersion = 10.0.40219.1
Project("{FAE04EC0-301F-11D3-BF4B-00C04F79EFBC}") = "WhereToSleep.Android", "WhereToSleep\WhereToSleep.Android\WhereToSleep.Android.csproj", "{711C9F4C-5044-4E4D-A1C3-938068449BA4}"
EndProject
Project("{9A19103F-16F7-4668-BE54-9A1E7A4F7556}") = "WhereToSleep", "WhereToSleep\WhereToSleep\WhereToSleep.csproj", "{AC13A011-3EFB-4D36-8F5B-DD84F12B32B9}"
EndProject
Global
	GlobalSection(SolutionConfigurationPlatforms) = preSolution
		Debug|Any CPU = Debug|Any CPU
		Debug|x86 = Debug|x86
		Release|Any CPU = Release|Any CPU
		Release|x86 = Release|x86
	EndGlobalSection
	GlobalSection(ProjectConfigurationPlatforms) = postSolution
		{711C9F4C-5044-4E4D-A1C3-938068449BA4}.Debug|Any CPU.ActiveCfg = Debug|Any CPU
		{711C9F4C-5044-4E4D-A1C3-938068449BA4}.Debug|Any CPU.Build.0 = Debug|Any CPU
		{711C9F4C-5044-4E4D-A1C3-938068449BA4}.Debug|Any CPU.Deploy.0 = Debug|Any CPU
		{711C9F4C-5044-4E4D-A1C3-938068449BA4}.Debug|x86.ActiveCfg = Debug|Any CPU
		{711C9F4C-5044-4E4D-A1C3-938068449BA4}.Debug|x86.Build.0 = Debug|Any CPU
		{711C9F4C-5044-4E4D-A1C3-938068449BA4}.Debug|x86.Deploy.0 = Debug|Any CPU
		{711C9F4C-5044-4E4D-A1C3-938068449BA4}.Release|Any CPU.ActiveCfg = Release|Any CPU
		{711C9F4C-5044-4E4D-A1C3-938068449BA4}.Release|Any CPU.Build.0 = Release|Any CPU
		{711C9F4C-5044-4E4D-A1C3-938068449BA4}.Release|Any CPU.Deploy.0 = Release|Any CPU
		{711C9F4C-5044-4E4D-A1C3-938068449BA4}.Release|x86.ActiveCfg = Release|x86
		{711C9F4C-5044-4E4D-A1C3-938068449BA4}.Release|x86.Build.0 = Release|x86
		{711C9F4C-5044-4E4D-A1C3-938068449BA4}.Release|x86.Deploy.0 = Release|x86
		{AC13A011-3EFB-4D36-8F5B-DD84F12B32B9}.Debug|Any CPU.ActiveCfg = Debug|Any CPU
		{AC13A011-3EFB-4D36-8F5B-DD84F12B32B9}.Debug|Any CPU.Build.0 = Debug|Any CPU
		{AC13A011-3EFB-4D36-8F5B-DD84F12B32B9}.Debug|Any CPU.Deploy.0 = Debug|Any CPU
		{AC13A011-3EFB-4D36-8F5B-DD84F12B32B9}.Debug|x86.ActiveCfg = Debug|Any CPU
		{AC13A011-3EFB-4D36-8F5B-DD84F12B32B9}.Debug|x86.Build.0 = Debug|Any CPU
		{AC13A011-3EFB-4D36-8F5B-DD84F12B32B9}.Release|Any CPU.ActiveCfg = Release|Any CPU
		{AC13A011-3EFB-4D36-8F5B-DD84F12B32B9}.Release|Any CPU.Build.0 = Release|Any CPU
		{AC13A011-3EFB-4D36-8F5B-DD84F12B32B9}.Release|Any CPU.Deploy.0 = Release|Any CPU
		{AC13A011-3EFB-4D36-8F5B-DD84F12B32B9}.Release|x86.ActiveCfg = Release|Any CPU
		{AC13A011-3EFB-4D36-8F5B-DD84F12B32B9}.Release|x86.Build.0 = Release|Any CPU
	EndGlobalSection
	GlobalSection(SolutionProperties) = preSolution
		HideSolutionNode = FALSE
	EndGlobalSection
	GlobalSection(ExtensibilityGlobals) = postSolution
		SolutionGuid = {34D06FFE-A2D1-4920-A065-F456B2B2C3E2}
	EndGlobalSection
EndGlobal
